
Microsoft Visual Studio Solution File, Format Version 12.00
# Visual Studio 15
VisualStudioVersion = 15.0.28010.2046
MinimumVisualStudioVersion = 10.0.40219.1
Project("{FAE04EC0-301F-11D3-BF4B-00C04F79EFBC}") = "Entities", "Entities\Entities.csproj", "{61E679B0-FD7B-4CE5-B6A7-7FD595DFEC81}"
EndProject
Project("{FAE04EC0-301F-11D3-BF4B-00C04F79EFBC}") = "Business", "Business\Business.csproj", "{45F65AB5-7256-4901-A5E1-99640A7BD227}"
EndProject
Project("{FAE04EC0-301F-11D3-BF4B-00C04F79EFBC}") = "Data", "Data\Data.csproj", "{E774049A-AB54-44B9-AA12-61E4DB936BA1}"
	ProjectSection(ProjectDependencies) = postProject
		{47E076DD-E56F-48B8-913E-CB0C1BA2B1E1} = {47E076DD-E56F-48B8-913E-CB0C1BA2B1E1}
	EndProjectSection
EndProject
Project("{FAE04EC0-301F-11D3-BF4B-00C04F79EFBC}") = "Services", "Services\Services.csproj", "{47E076DD-E56F-48B8-913E-CB0C1BA2B1E1}"
EndProject
Project("{FAE04EC0-301F-11D3-BF4B-00C04F79EFBC}") = "WebApp", "WebApp\WebApp.csproj", "{8AF199B8-BAD8-40EA-B9EC-FF5CA728487C}"
EndProject
Global
	GlobalSection(SolutionConfigurationPlatforms) = preSolution
		Debug|Any CPU = Debug|Any CPU
		Release|Any CPU = Release|Any CPU
	EndGlobalSection
	GlobalSection(ProjectConfigurationPlatforms) = postSolution
		{61E679B0-FD7B-4CE5-B6A7-7FD595DFEC81}.Debug|Any CPU.ActiveCfg = Debug|Any CPU
		{61E679B0-FD7B-4CE5-B6A7-7FD595DFEC81}.Debug|Any CPU.Build.0 = Debug|Any CPU
		{61E679B0-FD7B-4CE5-B6A7-7FD595DFEC81}.Release|Any CPU.ActiveCfg = Release|Any CPU
		{61E679B0-FD7B-4CE5-B6A7-7FD595DFEC81}.Release|Any CPU.Build.0 = Release|Any CPU
		{45F65AB5-7256-4901-A5E1-99640A7BD227}.Debug|Any CPU.ActiveCfg = Debug|Any CPU
		{45F65AB5-7256-4901-A5E1-99640A7BD227}.Debug|Any CPU.Build.0 = Debug|Any CPU
		{45F65AB5-7256-4901-A5E1-99640A7BD227}.Release|Any CPU.ActiveCfg = Release|Any CPU
		{45F65AB5-7256-4901-A5E1-99640A7BD227}.Release|Any CPU.Build.0 = Release|Any CPU
		{E774049A-AB54-44B9-AA12-61E4DB936BA1}.Debug|Any CPU.ActiveCfg = Debug|Any CPU
		{E774049A-AB54-44B9-AA12-61E4DB936BA1}.Debug|Any CPU.Build.0 = Debug|Any CPU
		{E774049A-AB54-44B9-AA12-61E4DB936BA1}.Release|Any CPU.ActiveCfg = Release|Any CPU
		{E774049A-AB54-44B9-AA12-61E4DB936BA1}.Release|Any CPU.Build.0 = Release|Any CPU
		{47E076DD-E56F-48B8-913E-CB0C1BA2B1E1}.Debug|Any CPU.ActiveCfg = Debug|Any CPU
		{47E076DD-E56F-48B8-913E-CB0C1BA2B1E1}.Debug|Any CPU.Build.0 = Debug|Any CPU
		{47E076DD-E56F-48B8-913E-CB0C1BA2B1E1}.Release|Any CPU.ActiveCfg = Release|Any CPU
		{47E076DD-E56F-48B8-913E-CB0C1BA2B1E1}.Release|Any CPU.Build.0 = Release|Any CPU
		{8AF199B8-BAD8-40EA-B9EC-FF5CA728487C}.Debug|Any CPU.ActiveCfg = Debug|Any CPU
		{8AF199B8-BAD8-40EA-B9EC-FF5CA728487C}.Debug|Any CPU.Build.0 = Debug|Any CPU
		{8AF199B8-BAD8-40EA-B9EC-FF5CA728487C}.Release|Any CPU.ActiveCfg = Release|Any CPU
		{8AF199B8-BAD8-40EA-B9EC-FF5CA728487C}.Release|Any CPU.Build.0 = Release|Any CPU
	EndGlobalSection
	GlobalSection(SolutionProperties) = preSolution
		HideSolutionNode = FALSE
	EndGlobalSection
	GlobalSection(ExtensibilityGlobals) = postSolution
		SolutionGuid = {6111FC5F-C292-464A-BD04-5EC1D9FF7354}
	EndGlobalSection
EndGlobal
